
Microsoft Visual Studio Solution File, Format Version 12.00
# Visual Studio Version 16
VisualStudioVersion = 16.0.29911.84
MinimumVisualStudioVersion = 10.0.40219.1
Project("{FAE04EC0-301F-11D3-BF4B-00C04F79EFBC}") = "CupcakeSilvestre", "CupcakeSilvestre.csproj", "{4D73A310-5947-449E-BDB6-A325E320C97C}"
EndProject
Global
	GlobalSection(SolutionConfigurationPlatforms) = preSolution
		Debug|Any CPU = Debug|Any CPU
		Release|Any CPU = Release|Any CPU
	EndGlobalSection
	GlobalSection(ProjectConfigurationPlatforms) = postSolution
		{4D73A310-5947-449E-BDB6-A325E320C97C}.Debug|Any CPU.ActiveCfg = Debug|Any CPU
		{4D73A310-5947-449E-BDB6-A325E320C97C}.Debug|Any CPU.Build.0 = Debug|Any CPU
		{4D73A310-5947-449E-BDB6-A325E320C97C}.Release|Any CPU.ActiveCfg = Release|Any CPU
		{4D73A310-5947-449E-BDB6-A325E320C97C}.Release|Any CPU.Build.0 = Release|Any CPU
	EndGlobalSection
	GlobalSection(SolutionProperties) = preSolution
		HideSolutionNode = FALSE
	EndGlobalSection
	GlobalSection(ExtensibilityGlobals) = postSolution
		SolutionGuid = {146F3B3C-ADEA-4627-A5A1-7EE3EAF14976}
	EndGlobalSection
EndGlobal
